
Microsoft Visual Studio Solution File, Format Version 12.00
# Visual Studio Version 16
VisualStudioVersion = 16.0.30204.135
MinimumVisualStudioVersion = 10.0.40219.1
Project("{9A19103F-16F7-4668-BE54-9A1E7A4F7556}") = "Navyblue.Authorization", "Navyblue.Authentication\Navyblue.Authorization.csproj", "{C45BB6B0-FAC9-4746-B52F-BC070AA3452C}"
EndProject
Project("{9A19103F-16F7-4668-BE54-9A1E7A4F7556}") = "AuthSample", "AuthSample\AuthSample.csproj", "{C77FD976-DFC8-4630-804D-98715B3C61CE}"
EndProject
Global
	GlobalSection(SolutionConfigurationPlatforms) = preSolution
		Debug|Any CPU = Debug|Any CPU
		Release|Any CPU = Release|Any CPU
	EndGlobalSection
	GlobalSection(ProjectConfigurationPlatforms) = postSolution
		{C45BB6B0-FAC9-4746-B52F-BC070AA3452C}.Debug|Any CPU.ActiveCfg = Debug|Any CPU
		{C45BB6B0-FAC9-4746-B52F-BC070AA3452C}.Debug|Any CPU.Build.0 = Debug|Any CPU
		{C45BB6B0-FAC9-4746-B52F-BC070AA3452C}.Release|Any CPU.ActiveCfg = Release|Any CPU
		{C45BB6B0-FAC9-4746-B52F-BC070AA3452C}.Release|Any CPU.Build.0 = Release|Any CPU
		{C77FD976-DFC8-4630-804D-98715B3C61CE}.Debug|Any CPU.ActiveCfg = Debug|Any CPU
		{C77FD976-DFC8-4630-804D-98715B3C61CE}.Debug|Any CPU.Build.0 = Debug|Any CPU
		{C77FD976-DFC8-4630-804D-98715B3C61CE}.Release|Any CPU.ActiveCfg = Release|Any CPU
		{C77FD976-DFC8-4630-804D-98715B3C61CE}.Release|Any CPU.Build.0 = Release|Any CPU
	EndGlobalSection
	GlobalSection(SolutionProperties) = preSolution
		HideSolutionNode = FALSE
	EndGlobalSection
	GlobalSection(ExtensibilityGlobals) = postSolution
		SolutionGuid = {B1974001-37BB-434F-88E0-8ED09892ABE3}
	EndGlobalSection
EndGlobal
